// !$*UTF8*$!
{
	archiveVersion = 1;
	classes = {
	};
	objectVersion = 77;
	objects = {

/* Begin PBXBuildFile section */
		101B1A332D161E7300062CC6 /* PhonemeFinder Extension.appex in Embed Foundation Extensions */ = {isa = PBXBuildFile; fileRef = 101B1A322D161E7300062CC6 /* PhonemeFinder Extension.appex */; settings = {ATTRIBUTES = (RemoveHeadersOnCopy, ); }; };
		101B1A3D2D161E7400062CC6 /* PhonemeFinder Extension.appex in Embed Foundation Extensions */ = {isa = PBXBuildFile; fileRef = 101B1A3C2D161E7400062CC6 /* PhonemeFinder Extension.appex */; settings = {ATTRIBUTES = (RemoveHeadersOnCopy, ); }; };
/* End PBXBuildFile section */

/* Begin PBXContainerItemProxy section */
		101B1A342D161E7300062CC6 /* PBXContainerItemProxy */ = {
			isa = PBXContainerItemProxy;
			containerPortal = 101B19F82D161E7000062CC6 /* Project object */;
			proxyType = 1;
			remoteGlobalIDString = 101B1A312D161E7300062CC6;
			remoteInfo = "PhonemeFinder Extension (iOS)";
		};
		101B1A3E2D161E7400062CC6 /* PBXContainerItemProxy */ = {
			isa = PBXContainerItemProxy;
			containerPortal = 101B19F82D161E7000062CC6 /* Project object */;
			proxyType = 1;
			remoteGlobalIDString = 101B1A3B2D161E7400062CC6;
			remoteInfo = "PhonemeFinder Extension (macOS)";
		};
/* End PBXContainerItemProxy section */

/* Begin PBXCopyFilesBuildPhase section */
		101B1A662D161E7400062CC6 /* Embed Foundation Extensions */ = {
			isa = PBXCopyFilesBuildPhase;
			buildActionMask = 2147483647;
			dstPath = "";
			dstSubfolderSpec = 13;
			files = (
				101B1A332D161E7300062CC6 /* PhonemeFinder Extension.appex in Embed Foundation Extensions */,
			);
			name = "Embed Foundation Extensions";
			runOnlyForDeploymentPostprocessing = 0;
		};
		101B1A702D161E7400062CC6 /* Embed Foundation Extensions */ = {
			isa = PBXCopyFilesBuildPhase;
			buildActionMask = 2147483647;
			dstPath = "";
			dstSubfolderSpec = 13;
			files = (
				101B1A3D2D161E7400062CC6 /* PhonemeFinder Extension.appex in Embed Foundation Extensions */,
			);
			name = "Embed Foundation Extensions";
			runOnlyForDeploymentPostprocessing = 0;
		};
/* End PBXCopyFilesBuildPhase section */

/* Begin PBXFileReference section */
		101B1A142D161E7300062CC6 /* PhonemeFinder.app */ = {isa = PBXFileReference; explicitFileType = wrapper.application; includeInIndex = 0; path = PhonemeFinder.app; sourceTree = BUILT_PRODUCTS_DIR; };
		101B1A262D161E7300062CC6 /* PhonemeFinder.app */ = {isa = PBXFileReference; explicitFileType = wrapper.application; includeInIndex = 0; path = PhonemeFinder.app; sourceTree = BUILT_PRODUCTS_DIR; };
		101B1A322D161E7300062CC6 /* PhonemeFinder Extension.appex */ = {isa = PBXFileReference; explicitFileType = "wrapper.app-extension"; includeInIndex = 0; path = "PhonemeFinder Extension.appex"; sourceTree = BUILT_PRODUCTS_DIR; };
		101B1A3C2D161E7400062CC6 /* PhonemeFinder Extension.appex */ = {isa = PBXFileReference; explicitFileType = "wrapper.app-extension"; includeInIndex = 0; path = "PhonemeFinder Extension.appex"; sourceTree = BUILT_PRODUCTS_DIR; };
/* End PBXFileReference section */

/* Begin PBXFileSystemSynchronizedBuildFileExceptionSet section */
		101B1A612D161E7400062CC6 /* Exceptions for "Shared (App)" folder in "PhonemeFinder (iOS)" target */ = {
			isa = PBXFileSystemSynchronizedBuildFileExceptionSet;
			membershipExceptions = (
				"/Localized: Resources/Main.html",
				Assets.xcassets,
				Resources/Icon.png,
				Resources/Script.js,
				Resources/Style.css,
				ViewController.swift,
			);
			target = 101B1A132D161E7300062CC6 /* PhonemeFinder (iOS) */;
		};
		101B1A652D161E7400062CC6 /* Exceptions for "iOS (Extension)" folder in "PhonemeFinder Extension (iOS)" target */ = {
			isa = PBXFileSystemSynchronizedBuildFileExceptionSet;
			membershipExceptions = (
				Info.plist,
			);
			target = 101B1A312D161E7300062CC6 /* PhonemeFinder Extension (iOS) */;
		};
		101B1A6A2D161E7400062CC6 /* Exceptions for "iOS (App)" folder in "PhonemeFinder (iOS)" target */ = {
			isa = PBXFileSystemSynchronizedBuildFileExceptionSet;
			membershipExceptions = (
				Info.plist,
			);
			target = 101B1A132D161E7300062CC6 /* PhonemeFinder (iOS) */;
		};
		101B1A6B2D161E7400062CC6 /* Exceptions for "Shared (App)" folder in "PhonemeFinder (macOS)" target */ = {
			isa = PBXFileSystemSynchronizedBuildFileExceptionSet;
			membershipExceptions = (
				"/Localized: Resources/Main.html",
				Assets.xcassets,
				Resources/Icon.png,
				Resources/Script.js,
				Resources/Style.css,
				ViewController.swift,
			);
			target = 101B1A252D161E7300062CC6 /* PhonemeFinder (macOS) */;
		};
		101B1A6F2D161E7400062CC6 /* Exceptions for "macOS (Extension)" folder in "PhonemeFinder Extension (macOS)" target */ = {
			isa = PBXFileSystemSynchronizedBuildFileExceptionSet;
			membershipExceptions = (
				Info.plist,
			);
			target = 101B1A3B2D161E7400062CC6 /* PhonemeFinder Extension (macOS) */;
		};
		101B1A742D161E7400062CC6 /* Exceptions for "Shared (Extension)" folder in "PhonemeFinder Extension (iOS)" target */ = {
			isa = PBXFileSystemSynchronizedBuildFileExceptionSet;
			membershipExceptions = (
				Resources/_locales,
				Resources/background.js,
				Resources/content.js,
				Resources/images,
				Resources/manifest.json,
				Resources/popup.css,
				Resources/popup.html,
				Resources/popup.js,
				SafariWebExtensionHandler.swift,
			);
			target = 101B1A312D161E7300062CC6 /* PhonemeFinder Extension (iOS) */;
		};
		101B1A752D161E7400062CC6 /* Exceptions for "Shared (Extension)" folder in "PhonemeFinder Extension (macOS)" target */ = {
			isa = PBXFileSystemSynchronizedBuildFileExceptionSet;
			membershipExceptions = (
				Resources/_locales,
				Resources/background.js,
				Resources/content.js,
				Resources/images,
				Resources/manifest.json,
				Resources/popup.css,
				Resources/popup.html,
				Resources/popup.js,
				SafariWebExtensionHandler.swift,
			);
			target = 101B1A3B2D161E7400062CC6 /* PhonemeFinder Extension (macOS) */;
		};
/* End PBXFileSystemSynchronizedBuildFileExceptionSet section */

/* Begin PBXFileSystemSynchronizedRootGroup section */
		101B19FC2D161E7100062CC6 /* Shared (App) */ = {
			isa = PBXFileSystemSynchronizedRootGroup;
			exceptions = (
				101B1A612D161E7400062CC6 /* Exceptions for "Shared (App)" folder in "PhonemeFinder (iOS)" target */,
				101B1A6B2D161E7400062CC6 /* Exceptions for "Shared (App)" folder in "PhonemeFinder (macOS)" target */,
			);
			path = "Shared (App)";
			sourceTree = "<group>";
		};
		101B1A052D161E7300062CC6 /* Shared (Extension) */ = {
			isa = PBXFileSystemSynchronizedRootGroup;
			exceptions = (
				101B1A742D161E7400062CC6 /* Exceptions for "Shared (Extension)" folder in "PhonemeFinder Extension (iOS)" target */,
				101B1A752D161E7400062CC6 /* Exceptions for "Shared (Extension)" folder in "PhonemeFinder Extension (macOS)" target */,
			);
			explicitFolders = (
				Resources/_locales,
				Resources/images,
			);
			path = "Shared (Extension)";
			sourceTree = "<group>";
		};
		101B1A162D161E7300062CC6 /* iOS (App) */ = {
			isa = PBXFileSystemSynchronizedRootGroup;
			exceptions = (
				101B1A6A2D161E7400062CC6 /* Exceptions for "iOS (App)" folder in "PhonemeFinder (iOS)" target */,
			);
			path = "iOS (App)";
			sourceTree = "<group>";
		};
		101B1A272D161E7300062CC6 /* macOS (App) */ = {
			isa = PBXFileSystemSynchronizedRootGroup;
			path = "macOS (App)";
			sourceTree = "<group>";
		};
		101B1A362D161E7300062CC6 /* iOS (Extension) */ = {
			isa = PBXFileSystemSynchronizedRootGroup;
			exceptions = (
				101B1A652D161E7400062CC6 /* Exceptions for "iOS (Extension)" folder in "PhonemeFinder Extension (iOS)" target */,
			);
			path = "iOS (Extension)";
			sourceTree = "<group>";
		};
		101B1A402D161E7400062CC6 /* macOS (Extension) */ = {
			isa = PBXFileSystemSynchronizedRootGroup;
			exceptions = (
				101B1A6F2D161E7400062CC6 /* Exceptions for "macOS (Extension)" folder in "PhonemeFinder Extension (macOS)" target */,
			);
			path = "macOS (Extension)";
			sourceTree = "<group>";
		};
/* End PBXFileSystemSynchronizedRootGroup section */

/* Begin PBXFrameworksBuildPhase section */
		101B1A112D161E7300062CC6 /* Frameworks */ = {
			isa = PBXFrameworksBuildPhase;
			buildActionMask = 2147483647;
			files = (
			);
			runOnlyForDeploymentPostprocessing = 0;
		};
		101B1A232D161E7300062CC6 /* Frameworks */ = {
			isa = PBXFrameworksBuildPhase;
			buildActionMask = 2147483647;
			files = (
			);
			runOnlyForDeploymentPostprocessing = 0;
		};
		101B1A2F2D161E7300062CC6 /* Frameworks */ = {
			isa = PBXFrameworksBuildPhase;
			buildActionMask = 2147483647;
			files = (
			);
			runOnlyForDeploymentPostprocessing = 0;
		};
		101B1A392D161E7400062CC6 /* Frameworks */ = {
			isa = PBXFrameworksBuildPhase;
			buildActionMask = 2147483647;
			files = (
			);
			runOnlyForDeploymentPostprocessing = 0;
		};
/* End PBXFrameworksBuildPhase section */

/* Begin PBXGroup section */
		101B19F72D161E7000062CC6 = {
			isa = PBXGroup;
			children = (
				101B19FC2D161E7100062CC6 /* Shared (App) */,
				101B1A052D161E7300062CC6 /* Shared (Extension) */,
				101B1A162D161E7300062CC6 /* iOS (App) */,
				101B1A272D161E7300062CC6 /* macOS (App) */,
				101B1A362D161E7300062CC6 /* iOS (Extension) */,
				101B1A402D161E7400062CC6 /* macOS (Extension) */,
				101B1A152D161E7300062CC6 /* Products */,
			);
			sourceTree = "<group>";
		};
		101B1A152D161E7300062CC6 /* Products */ = {
			isa = PBXGroup;
			children = (
				101B1A142D161E7300062CC6 /* PhonemeFinder.app */,
				101B1A262D161E7300062CC6 /* PhonemeFinder.app */,
				101B1A322D161E7300062CC6 /* PhonemeFinder Extension.appex */,
				101B1A3C2D161E7400062CC6 /* PhonemeFinder Extension.appex */,
			);
			name = Products;
			sourceTree = "<group>";
		};
/* End PBXGroup section */

/* Begin PBXNativeTarget section */
		101B1A132D161E7300062CC6 /* PhonemeFinder (iOS) */ = {
			isa = PBXNativeTarget;
			buildConfigurationList = 101B1A672D161E7400062CC6 /* Build configuration list for PBXNativeTarget "PhonemeFinder (iOS)" */;
			buildPhases = (
				101B1A102D161E7300062CC6 /* Sources */,
				101B1A112D161E7300062CC6 /* Frameworks */,
				101B1A122D161E7300062CC6 /* Resources */,
				101B1A662D161E7400062CC6 /* Embed Foundation Extensions */,
			);
			buildRules = (
			);
			dependencies = (
				101B1A352D161E7300062CC6 /* PBXTargetDependency */,
			);
			fileSystemSynchronizedGroups = (
				101B1A162D161E7300062CC6 /* iOS (App) */,
			);
			name = "PhonemeFinder (iOS)";
			packageProductDependencies = (
			);
			productName = "PhonemeFinder (iOS)";
			productReference = 101B1A142D161E7300062CC6 /* PhonemeFinder.app */;
			productType = "com.apple.product-type.application";
		};
		101B1A252D161E7300062CC6 /* PhonemeFinder (macOS) */ = {
			isa = PBXNativeTarget;
			buildConfigurationList = 101B1A712D161E7400062CC6 /* Build configuration list for PBXNativeTarget "PhonemeFinder (macOS)" */;
			buildPhases = (
				101B1A222D161E7300062CC6 /* Sources */,
				101B1A232D161E7300062CC6 /* Frameworks */,
				101B1A242D161E7300062CC6 /* Resources */,
				101B1A702D161E7400062CC6 /* Embed Foundation Extensions */,
			);
			buildRules = (
			);
			dependencies = (
				101B1A3F2D161E7400062CC6 /* PBXTargetDependency */,
			);
			fileSystemSynchronizedGroups = (
				101B1A272D161E7300062CC6 /* macOS (App) */,
			);
			name = "PhonemeFinder (macOS)";
			packageProductDependencies = (
			);
			productName = "PhonemeFinder (macOS)";
			productReference = 101B1A262D161E7300062CC6 /* PhonemeFinder.app */;
			productType = "com.apple.product-type.application";
		};
		101B1A312D161E7300062CC6 /* PhonemeFinder Extension (iOS) */ = {
			isa = PBXNativeTarget;
			buildConfigurationList = 101B1A622D161E7400062CC6 /* Build configuration list for PBXNativeTarget "PhonemeFinder Extension (iOS)" */;
			buildPhases = (
				101B1A2E2D161E7300062CC6 /* Sources */,
				101B1A2F2D161E7300062CC6 /* Frameworks */,
				101B1A302D161E7300062CC6 /* Resources */,
			);
			buildRules = (
			);
			dependencies = (
			);
			fileSystemSynchronizedGroups = (
				101B1A362D161E7300062CC6 /* iOS (Extension) */,
			);
			name = "PhonemeFinder Extension (iOS)";
			packageProductDependencies = (
			);
			productName = "PhonemeFinder Extension (iOS)";
			productReference = 101B1A322D161E7300062CC6 /* PhonemeFinder Extension.appex */;
			productType = "com.apple.product-type.app-extension";
		};
		101B1A3B2D161E7400062CC6 /* PhonemeFinder Extension (macOS) */ = {
			isa = PBXNativeTarget;
			buildConfigurationList = 101B1A6C2D161E7400062CC6 /* Build configuration list for PBXNativeTarget "PhonemeFinder Extension (macOS)" */;
			buildPhases = (
				101B1A382D161E7400062CC6 /* Sources */,
				101B1A392D161E7400062CC6 /* Frameworks */,
				101B1A3A2D161E7400062CC6 /* Resources */,
			);
			buildRules = (
			);
			dependencies = (
			);
			fileSystemSynchronizedGroups = (
				101B1A402D161E7400062CC6 /* macOS (Extension) */,
			);
			name = "PhonemeFinder Extension (macOS)";
			packageProductDependencies = (
			);
			productName = "PhonemeFinder Extension (macOS)";
			productReference = 101B1A3C2D161E7400062CC6 /* PhonemeFinder Extension.appex */;
			productType = "com.apple.product-type.app-extension";
		};
/* End PBXNativeTarget section */

/* Begin PBXProject section */
		101B19F82D161E7000062CC6 /* Project object */ = {
			isa = PBXProject;
			attributes = {
				BuildIndependentTargetsInParallel = 1;
				LastSwiftUpdateCheck = 1620;
				LastUpgradeCheck = 1620;
				TargetAttributes = {
					101B1A132D161E7300062CC6 = {
						CreatedOnToolsVersion = 16.2;
					};
					101B1A252D161E7300062CC6 = {
						CreatedOnToolsVersion = 16.2;
					};
					101B1A312D161E7300062CC6 = {
						CreatedOnToolsVersion = 16.2;
					};
					101B1A3B2D161E7400062CC6 = {
						CreatedOnToolsVersion = 16.2;
					};
				};
			};
			buildConfigurationList = 101B19FB2D161E7000062CC6 /* Build configuration list for PBXProject "PhonemeFinder" */;
			developmentRegion = en;
			hasScannedForEncodings = 0;
			knownRegions = (
				en,
				Base,
			);
			mainGroup = 101B19F72D161E7000062CC6;
			minimizedProjectReferenceProxies = 1;
			preferredProjectObjectVersion = 77;
			productRefGroup = 101B1A152D161E7300062CC6 /* Products */;
			projectDirPath = "";
			projectRoot = "";
			targets = (
				101B1A132D161E7300062CC6 /* PhonemeFinder (iOS) */,
				101B1A252D161E7300062CC6 /* PhonemeFinder (macOS) */,
				101B1A312D161E7300062CC6 /* PhonemeFinder Extension (iOS) */,
				101B1A3B2D161E7400062CC6 /* PhonemeFinder Extension (macOS) */,
			);
		};
/* End PBXProject section */

/* Begin PBXResourcesBuildPhase section */
		101B1A122D161E7300062CC6 /* Resources */ = {
			isa = PBXResourcesBuildPhase;
			buildActionMask = 2147483647;
			files = (
			);
			runOnlyForDeploymentPostprocessing = 0;
		};
		101B1A242D161E7300062CC6 /* Resources */ = {
			isa = PBXResourcesBuildPhase;
			buildActionMask = 2147483647;
			files = (
			);
			runOnlyForDeploymentPostprocessing = 0;
		};
		101B1A302D161E7300062CC6 /* Resources */ = {
			isa = PBXResourcesBuildPhase;
			buildActionMask = 2147483647;
			files = (
			);
			runOnlyForDeploymentPostprocessing = 0;
		};
		101B1A3A2D161E7400062CC6 /* Resources */ = {
			isa = PBXResourcesBuildPhase;
			buildActionMask = 2147483647;
			files = (
			);
			runOnlyForDeploymentPostprocessing = 0;
		};
/* End PBXResourcesBuildPhase section */

/* Begin PBXSourcesBuildPhase section */
		101B1A102D161E7300062CC6 /* Sources */ = {
			isa = PBXSourcesBuildPhase;
			buildActionMask = 2147483647;
			files = (
			);
			runOnlyForDeploymentPostprocessing = 0;
		};
		101B1A222D161E7300062CC6 /* Sources */ = {
			isa = PBXSourcesBuildPhase;
			buildActionMask = 2147483647;
			files = (
			);
			runOnlyForDeploymentPostprocessing = 0;
		};
		101B1A2E2D161E7300062CC6 /* Sources */ = {
			isa = PBXSourcesBuildPhase;
			buildActionMask = 2147483647;
			files = (
			);
			runOnlyForDeploymentPostprocessing = 0;
		};
		101B1A382D161E7400062CC6 /* Sources */ = {
			isa = PBXSourcesBuildPhase;
			buildActionMask = 2147483647;
			files = (
			);
			runOnlyForDeploymentPostprocessing = 0;
		};
/* End PBXSourcesBuildPhase section */

/* Begin PBXTargetDependency section */
		101B1A352D161E7300062CC6 /* PBXTargetDependency */ = {
			isa = PBXTargetDependency;
			target = 101B1A312D161E7300062CC6 /* PhonemeFinder Extension (iOS) */;
			targetProxy = 101B1A342D161E7300062CC6 /* PBXContainerItemProxy */;
		};
		101B1A3F2D161E7400062CC6 /* PBXTargetDependency */ = {
			isa = PBXTargetDependency;
			target = 101B1A3B2D161E7400062CC6 /* PhonemeFinder Extension (macOS) */;
			targetProxy = 101B1A3E2D161E7400062CC6 /* PBXContainerItemProxy */;
		};
/* End PBXTargetDependency section */

/* Begin XCBuildConfiguration section */
		101B1A632D161E7400062CC6 /* Debug */ = {
			isa = XCBuildConfiguration;
			buildSettings = {
				CODE_SIGN_STYLE = Automatic;
				CURRENT_PROJECT_VERSION = 1;
				GENERATE_INFOPLIST_FILE = YES;
				INFOPLIST_FILE = "iOS (Extension)/Info.plist";
				INFOPLIST_KEY_CFBundleDisplayName = "PhonemeFinder Extension";
				INFOPLIST_KEY_NSHumanReadableCopyright = "";
				IPHONEOS_DEPLOYMENT_TARGET = 15.0;
				LD_RUNPATH_SEARCH_PATHS = (
					"$(inherited)",
					"@executable_path/Frameworks",
					"@executable_path/../../Frameworks",
				);
				MARKETING_VERSION = 1.0;
				OTHER_LDFLAGS = (
					"-framework",
					SafariServices,
				);
				PRODUCT_BUNDLE_IDENTIFIER = com.amelia.PhonemeFinder.Extension;
				PRODUCT_NAME = "PhonemeFinder Extension";
				SDKROOT = iphoneos;
				SKIP_INSTALL = YES;
				SWIFT_EMIT_LOC_STRINGS = YES;
				SWIFT_VERSION = 5.0;
				TARGETED_DEVICE_FAMILY = "1,2";
			};
			name = Debug;
		};
		101B1A642D161E7400062CC6 /* Release */ = {
			isa = XCBuildConfiguration;
			buildSettings = {
				CODE_SIGN_STYLE = Automatic;
				CURRENT_PROJECT_VERSION = 1;
				GENERATE_INFOPLIST_FILE = YES;
				INFOPLIST_FILE = "iOS (Extension)/Info.plist";
				INFOPLIST_KEY_CFBundleDisplayName = "PhonemeFinder Extension";
				INFOPLIST_KEY_NSHumanReadableCopyright = "";
				IPHONEOS_DEPLOYMENT_TARGET = 15.0;
				LD_RUNPATH_SEARCH_PATHS = (
					"$(inherited)",
					"@executable_path/Frameworks",
					"@executable_path/../../Frameworks",
				);
				MARKETING_VERSION = 1.0;
				OTHER_LDFLAGS = (
					"-framework",
					SafariServices,
				);
				PRODUCT_BUNDLE_IDENTIFIER = com.amelia.PhonemeFinder.Extension;
				PRODUCT_NAME = "PhonemeFinder Extension";
				SDKROOT = iphoneos;
				SKIP_INSTALL = YES;
				SWIFT_EMIT_LOC_STRINGS = YES;
				SWIFT_VERSION = 5.0;
				TARGETED_DEVICE_FAMILY = "1,2";
				VALIDATE_PRODUCT = YES;
			};
			name = Release;
		};
		101B1A682D161E7400062CC6 /* Debug */ = {
			isa = XCBuildConfiguration;
			buildSettings = {
				ASSETCATALOG_COMPILER_APPICON_NAME = AppIcon;
				ASSETCATALOG_COMPILER_GLOBAL_ACCENT_COLOR_NAME = AccentColor;
				CODE_SIGN_STYLE = Automatic;
				CURRENT_PROJECT_VERSION = 1;
				GENERATE_INFOPLIST_FILE = YES;
				INFOPLIST_FILE = "iOS (App)/Info.plist";
				INFOPLIST_KEY_CFBundleDisplayName = PhonemeFinder;
				INFOPLIST_KEY_UIApplicationSupportsIndirectInputEvents = YES;
				INFOPLIST_KEY_UILaunchStoryboardName = LaunchScreen;
				INFOPLIST_KEY_UIMainStoryboardFile = Main;
				INFOPLIST_KEY_UISupportedInterfaceOrientations = "UIInterfaceOrientationPortrait UIInterfaceOrientationLandscapeLeft UIInterfaceOrientationLandscapeRight";
				INFOPLIST_KEY_UISupportedInterfaceOrientations_iPad = "UIInterfaceOrientationPortrait UIInterfaceOrientationPortraitUpsideDown UIInterfaceOrientationLandscapeLeft UIInterfaceOrientationLandscapeRight";
				IPHONEOS_DEPLOYMENT_TARGET = 15.0;
				LD_RUNPATH_SEARCH_PATHS = (
					"$(inherited)",
					"@executable_path/Frameworks",
				);
				MARKETING_VERSION = 1.0;
				OTHER_LDFLAGS = (
					"-framework",
					SafariServices,
					"-framework",
					WebKit,
				);
				PRODUCT_BUNDLE_IDENTIFIER = com.amelia.PhonemeFinder;
				PRODUCT_NAME = PhonemeFinder;
				SDKROOT = iphoneos;
				SWIFT_EMIT_LOC_STRINGS = YES;
				SWIFT_VERSION = 5.0;
				TARGETED_DEVICE_FAMILY = "1,2";
			};
			name = Debug;
		};
		101B1A692D161E7400062CC6 /* Release */ = {
			isa = XCBuildConfiguration;
			buildSettings = {
				ASSETCATALOG_COMPILER_APPICON_NAME = AppIcon;
				ASSETCATALOG_COMPILER_GLOBAL_ACCENT_COLOR_NAME = AccentColor;
				CODE_SIGN_STYLE = Automatic;
				CURRENT_PROJECT_VERSION = 1;
				GENERATE_INFOPLIST_FILE = YES;
				INFOPLIST_FILE = "iOS (App)/Info.plist";
				INFOPLIST_KEY_CFBundleDisplayName = PhonemeFinder;
				INFOPLIST_KEY_UIApplicationSupportsIndirectInputEvents = YES;
				INFOPLIST_KEY_UILaunchStoryboardName = LaunchScreen;
				INFOPLIST_KEY_UIMainStoryboardFile = Main;
				INFOPLIST_KEY_UISupportedInterfaceOrientations = "UIInterfaceOrientationPortrait UIInterfaceOrientationLandscapeLeft UIInterfaceOrientationLandscapeRight";
				INFOPLIST_KEY_UISupportedInterfaceOrientations_iPad = "UIInterfaceOrientationPortrait UIInterfaceOrientationPortraitUpsideDown UIInterfaceOrientationLandscapeLeft UIInterfaceOrientationLandscapeRight";
				IPHONEOS_DEPLOYMENT_TARGET = 15.0;
				LD_RUNPATH_SEARCH_PATHS = (
					"$(inherited)",
					"@executable_path/Frameworks",
				);
				MARKETING_VERSION = 1.0;
				OTHER_LDFLAGS = (
					"-framework",
					SafariServices,
					"-framework",
					WebKit,
				);
				PRODUCT_BUNDLE_IDENTIFIER = com.amelia.PhonemeFinder;
				PRODUCT_NAME = PhonemeFinder;
				SDKROOT = iphoneos;
				SWIFT_EMIT_LOC_STRINGS = YES;
				SWIFT_VERSION = 5.0;
				TARGETED_DEVICE_FAMILY = "1,2";
				VALIDATE_PRODUCT = YES;
			};
			name = Release;
		};
		101B1A6D2D161E7400062CC6 /* Debug */ = {
			isa = XCBuildConfiguration;
			buildSettings = {
				CODE_SIGN_ENTITLEMENTS = "macOS (Extension)/PhonemeFinder.entitlements";
				CODE_SIGN_STYLE = Automatic;
				CURRENT_PROJECT_VERSION = 1;
				ENABLE_HARDENED_RUNTIME = YES;
				GENERATE_INFOPLIST_FILE = YES;
				INFOPLIST_FILE = "macOS (Extension)/Info.plist";
				INFOPLIST_KEY_CFBundleDisplayName = "PhonemeFinder Extension";
				INFOPLIST_KEY_NSHumanReadableCopyright = "";
				LD_RUNPATH_SEARCH_PATHS = (
					"$(inherited)",
					"@executable_path/../Frameworks",
					"@executable_path/../../../../Frameworks",
				);
				MACOSX_DEPLOYMENT_TARGET = 10.14;
				MARKETING_VERSION = 1.0;
				OTHER_LDFLAGS = (
					"-framework",
					SafariServices,
				);
				PRODUCT_BUNDLE_IDENTIFIER = com.amelia.PhonemeFinder.Extension;
				PRODUCT_NAME = "PhonemeFinder Extension";
				SDKROOT = macosx;
				SKIP_INSTALL = YES;
				SWIFT_EMIT_LOC_STRINGS = YES;
				SWIFT_VERSION = 5.0;
			};
			name = Debug;
		};
		101B1A6E2D161E7400062CC6 /* Release */ = {
			isa = XCBuildConfiguration;
			buildSettings = {
				CODE_SIGN_ENTITLEMENTS = "macOS (Extension)/PhonemeFinder.entitlements";
				CODE_SIGN_STYLE = Automatic;
				CURRENT_PROJECT_VERSION = 1;
				ENABLE_HARDENED_RUNTIME = YES;
				GENERATE_INFOPLIST_FILE = YES;
				INFOPLIST_FILE = "macOS (Extension)/Info.plist";
				INFOPLIST_KEY_CFBundleDisplayName = "PhonemeFinder Extension";
				INFOPLIST_KEY_NSHumanReadableCopyright = "";
				LD_RUNPATH_SEARCH_PATHS = (
					"$(inherited)",
					"@executable_path/../Frameworks",
					"@executable_path/../../../../Frameworks",
				);
				MACOSX_DEPLOYMENT_TARGET = 10.14;
				MARKETING_VERSION = 1.0;
				OTHER_LDFLAGS = (
					"-framework",
					SafariServices,
				);
				PRODUCT_BUNDLE_IDENTIFIER = com.amelia.PhonemeFinder.Extension;
				PRODUCT_NAME = "PhonemeFinder Extension";
				SDKROOT = macosx;
				SKIP_INSTALL = YES;
				SWIFT_EMIT_LOC_STRINGS = YES;
				SWIFT_VERSION = 5.0;
			};
			name = Release;
		};
		101B1A722D161E7400062CC6 /* Debug */ = {
			isa = XCBuildConfiguration;
			buildSettings = {
				ASSETCATALOG_COMPILER_APPICON_NAME = AppIcon;
				ASSETCATALOG_COMPILER_GLOBAL_ACCENT_COLOR_NAME = AccentColor;
				CODE_SIGN_ENTITLEMENTS = "macOS (App)/PhonemeFinder.entitlements";
				CODE_SIGN_STYLE = Automatic;
				CURRENT_PROJECT_VERSION = 1;
				ENABLE_HARDENED_RUNTIME = YES;
				GENERATE_INFOPLIST_FILE = YES;
				INFOPLIST_KEY_CFBundleDisplayName = PhonemeFinder;
				INFOPLIST_KEY_NSMainStoryboardFile = Main;
				INFOPLIST_KEY_NSPrincipalClass = NSApplication;
				LD_RUNPATH_SEARCH_PATHS = (
					"$(inherited)",
					"@executable_path/../Frameworks",
				);
				MACOSX_DEPLOYMENT_TARGET = 10.14;
				MARKETING_VERSION = 1.0;
				OTHER_LDFLAGS = (
					"-framework",
					SafariServices,
					"-framework",
					WebKit,
				);
				PRODUCT_BUNDLE_IDENTIFIER = com.amelia.PhonemeFinder;
				PRODUCT_NAME = PhonemeFinder;
				SDKROOT = macosx;
				SWIFT_EMIT_LOC_STRINGS = YES;
				SWIFT_VERSION = 5.0;
			};
			name = Debug;
		};
		101B1A732D161E7400062CC6 /* Release */ = {
			isa = XCBuildConfiguration;
			buildSettings = {
				ASSETCATALOG_COMPILER_APPICON_NAME = AppIcon;
				ASSETCATALOG_COMPILER_GLOBAL_ACCENT_COLOR_NAME = AccentColor;
				CODE_SIGN_ENTITLEMENTS = "macOS (App)/PhonemeFinder.entitlements";
				CODE_SIGN_STYLE = Automatic;
				CURRENT_PROJECT_VERSION = 1;
				ENABLE_HARDENED_RUNTIME = YES;
				GENERATE_INFOPLIST_FILE = YES;
				INFOPLIST_KEY_CFBundleDisplayName = PhonemeFinder;
				INFOPLIST_KEY_NSMainStoryboardFile = Main;
				INFOPLIST_KEY_NSPrincipalClass = NSApplication;
				LD_RUNPATH_SEARCH_PATHS = (
					"$(inherited)",
					"@executable_path/../Frameworks",
				);
				MACOSX_DEPLOYMENT_TARGET = 10.14;
				MARKETING_VERSION = 1.0;
				OTHER_LDFLAGS = (
					"-framework",
					SafariServices,
					"-framework",
					WebKit,
				);
				PRODUCT_BUNDLE_IDENTIFIER = com.amelia.PhonemeFinder;
				PRODUCT_NAME = PhonemeFinder;
				SDKROOT = macosx;
				SWIFT_EMIT_LOC_STRINGS = YES;
				SWIFT_VERSION = 5.0;
			};
			name = Release;
		};
		101B1A762D161E7400062CC6 /* Debug */ = {
			isa = XCBuildConfiguration;
			buildSettings = {
				ALWAYS_SEARCH_USER_PATHS = NO;
				ASSETCATALOG_COMPILER_GENERATE_SWIFT_ASSET_SYMBOL_EXTENSIONS = YES;
				CLANG_ANALYZER_NONNULL = YES;
				CLANG_ANALYZER_NUMBER_OBJECT_CONVERSION = YES_AGGRESSIVE;
				CLANG_CXX_LANGUAGE_STANDARD = "gnu++20";
				CLANG_ENABLE_MODULES = YES;
				CLANG_ENABLE_OBJC_ARC = YES;
				CLANG_ENABLE_OBJC_WEAK = YES;
				CLANG_WARN_BLOCK_CAPTURE_AUTORELEASING = YES;
				CLANG_WARN_BOOL_CONVERSION = YES;
				CLANG_WARN_COMMA = YES;
				CLANG_WARN_CONSTANT_CONVERSION = YES;
				CLANG_WARN_DEPRECATED_OBJC_IMPLEMENTATIONS = YES;
				CLANG_WARN_DIRECT_OBJC_ISA_USAGE = YES_ERROR;
				CLANG_WARN_DOCUMENTATION_COMMENTS = YES;
				CLANG_WARN_EMPTY_BODY = YES;
				CLANG_WARN_ENUM_CONVERSION = YES;
				CLANG_WARN_INFINITE_RECURSION = YES;
				CLANG_WARN_INT_CONVERSION = YES;
				CLANG_WARN_NON_LITERAL_NULL_CONVERSION = YES;
				CLANG_WARN_OBJC_IMPLICIT_RETAIN_SELF = YES;
				CLANG_WARN_OBJC_LITERAL_CONVERSION = YES;
				CLANG_WARN_OBJC_ROOT_CLASS = YES_ERROR;
				CLANG_WARN_QUOTED_INCLUDE_IN_FRAMEWORK_HEADER = YES;
				CLANG_WARN_RANGE_LOOP_ANALYSIS = YES;
				CLANG_WARN_STRICT_PROTOTYPES = YES;
				CLANG_WARN_SUSPICIOUS_MOVE = YES;
				CLANG_WARN_UNGUARDED_AVAILABILITY = YES_AGGRESSIVE;
				CLANG_WARN_UNREACHABLE_CODE = YES;
				CLANG_WARN__DUPLICATE_METHOD_MATCH = YES;
				COPY_PHASE_STRIP = NO;
				DEBUG_INFORMATION_FORMAT = dwarf;
				ENABLE_STRICT_OBJC_MSGSEND = YES;
				ENABLE_TESTABILITY = YES;
				ENABLE_USER_SCRIPT_SANDBOXING = YES;
				GCC_C_LANGUAGE_STANDARD = gnu17;
				GCC_DYNAMIC_NO_PIC = NO;
				GCC_NO_COMMON_BLOCKS = YES;
				GCC_OPTIMIZATION_LEVEL = 0;
				GCC_PREPROCESSOR_DEFINITIONS = (
					"DEBUG=1",
					"$(inherited)",
				);
				GCC_WARN_64_TO_32_BIT_CONVERSION = YES;
				GCC_WARN_ABOUT_RETURN_TYPE = YES_ERROR;
				GCC_WARN_UNDECLARED_SELECTOR = YES;
				GCC_WARN_UNINITIALIZED_AUTOS = YES_AGGRESSIVE;
				GCC_WARN_UNUSED_FUNCTION = YES;
				GCC_WARN_UNUSED_VARIABLE = YES;
				LOCALIZATION_PREFERS_STRING_CATALOGS = YES;
				MTL_ENABLE_DEBUG_INFO = INCLUDE_SOURCE;
				MTL_FAST_MATH = YES;
				ONLY_ACTIVE_ARCH = YES;
				SWIFT_ACTIVE_COMPILATION_CONDITIONS = "DEBUG $(inherited)";
				SWIFT_OPTIMIZATION_LEVEL = "-Onone";
			};
			name = Debug;
		};
		101B1A772D161E7400062CC6 /* Release */ = {
			isa = XCBuildConfiguration;
			buildSettings = {
				ALWAYS_SEARCH_USER_PATHS = NO;
				ASSETCATALOG_COMPILER_GENERATE_SWIFT_ASSET_SYMBOL_EXTENSIONS = YES;
				CLANG_ANALYZER_NONNULL = YES;
				CLANG_ANALYZER_NUMBER_OBJECT_CONVERSION = YES_AGGRESSIVE;
				CLANG_CXX_LANGUAGE_STANDARD = "gnu++20";
				CLANG_ENABLE_MODULES = YES;
				CLANG_ENABLE_OBJC_ARC = YES;
				CLANG_ENABLE_OBJC_WEAK = YES;
				CLANG_WARN_BLOCK_CAPTURE_AUTORELEASING = YES;
				CLANG_WARN_BOOL_CONVERSION = YES;
				CLANG_WARN_COMMA = YES;
				CLANG_WARN_CONSTANT_CONVERSION = YES;
				CLANG_WARN_DEPRECATED_OBJC_IMPLEMENTATIONS = YES;
				CLANG_WARN_DIRECT_OBJC_ISA_USAGE = YES_ERROR;
				CLANG_WARN_DOCUMENTATION_COMMENTS = YES;
				CLANG_WARN_EMPTY_BODY = YES;
				CLANG_WARN_ENUM_CONVERSION = YES;
				CLANG_WARN_INFINITE_RECURSION = YES;
				CLANG_WARN_INT_CONVERSION = YES;
				CLANG_WARN_NON_LITERAL_NULL_CONVERSION = YES;
				CLANG_WARN_OBJC_IMPLICIT_RETAIN_SELF = YES;
				CLANG_WARN_OBJC_LITERAL_CONVERSION = YES;
				CLANG_WARN_OBJC_ROOT_CLASS = YES_ERROR;
				CLANG_WARN_QUOTED_INCLUDE_IN_FRAMEWORK_HEADER = YES;
				CLANG_WARN_RANGE_LOOP_ANALYSIS = YES;
				CLANG_WARN_STRICT_PROTOTYPES = YES;
				CLANG_WARN_SUSPICIOUS_MOVE = YES;
				CLANG_WARN_UNGUARDED_AVAILABILITY = YES_AGGRESSIVE;
				CLANG_WARN_UNREACHABLE_CODE = YES;
				CLANG_WARN__DUPLICATE_METHOD_MATCH = YES;
				COPY_PHASE_STRIP = NO;
				DEBUG_INFORMATION_FORMAT = "dwarf-with-dsym";
				ENABLE_NS_ASSERTIONS = NO;
				ENABLE_STRICT_OBJC_MSGSEND = YES;
				ENABLE_USER_SCRIPT_SANDBOXING = YES;
				GCC_C_LANGUAGE_STANDARD = gnu17;
				GCC_NO_COMMON_BLOCKS = YES;
				GCC_WARN_64_TO_32_BIT_CONVERSION = YES;
				GCC_WARN_ABOUT_RETURN_TYPE = YES_ERROR;
				GCC_WARN_UNDECLARED_SELECTOR = YES;
				GCC_WARN_UNINITIALIZED_AUTOS = YES_AGGRESSIVE;
				GCC_WARN_UNUSED_FUNCTION = YES;
				GCC_WARN_UNUSED_VARIABLE = YES;
				LOCALIZATION_PREFERS_STRING_CATALOGS = YES;
				MTL_ENABLE_DEBUG_INFO = NO;
				MTL_FAST_MATH = YES;
				SWIFT_COMPILATION_MODE = wholemodule;
			};
			name = Release;
		};
/* End XCBuildConfiguration section */

/* Begin XCConfigurationList section */
		101B19FB2D161E7000062CC6 /* Build configuration list for PBXProject "PhonemeFinder" */ = {
			isa = XCConfigurationList;
			buildConfigurations = (
				101B1A762D161E7400062CC6 /* Debug */,
				101B1A772D161E7400062CC6 /* Release */,
			);
			defaultConfigurationIsVisible = 0;
			defaultConfigurationName = Release;
		};
		101B1A622D161E7400062CC6 /* Build configuration list for PBXNativeTarget "PhonemeFinder Extension (iOS)" */ = {
			isa = XCConfigurationList;
			buildConfigurations = (
				101B1A632D161E7400062CC6 /* Debug */,
				101B1A642D161E7400062CC6 /* Release */,
			);
			defaultConfigurationIsVisible = 0;
			defaultConfigurationName = Release;
		};
		101B1A672D161E7400062CC6 /* Build configuration list for PBXNativeTarget "PhonemeFinder (iOS)" */ = {
			isa = XCConfigurationList;
			buildConfigurations = (
				101B1A682D161E7400062CC6 /* Debug */,
				101B1A692D161E7400062CC6 /* Release */,
			);
			defaultConfigurationIsVisible = 0;
			defaultConfigurationName = Release;
		};
		101B1A6C2D161E7400062CC6 /* Build configuration list for PBXNativeTarget "PhonemeFinder Extension (macOS)" */ = {
			isa = XCConfigurationList;
			buildConfigurations = (
				101B1A6D2D161E7400062CC6 /* Debug */,
				101B1A6E2D161E7400062CC6 /* Release */,
			);
			defaultConfigurationIsVisible = 0;
			defaultConfigurationName = Release;
		};
		101B1A712D161E7400062CC6 /* Build configuration list for PBXNativeTarget "PhonemeFinder (macOS)" */ = {
			isa = XCConfigurationList;
			buildConfigurations = (
				101B1A722D161E7400062CC6 /* Debug */,
				101B1A732D161E7400062CC6 /* Release */,
			);
			defaultConfigurationIsVisible = 0;
			defaultConfigurationName = Release;
		};
/* End XCConfigurationList section */
	};
	rootObject = 101B19F82D161E7000062CC6 /* Project object */;
}
